PODS:
  - IQKeyboardManagerSwift (6.4.0)

DEPENDENCIES:
  - IQKeyboardManagerSwift

SPEC REPOS:
  https://github.com/CocoaPods/Specs.git:
    - IQKeyboardManagerSwift

SPEC CHECKSUMS:
  IQKeyboardManagerSwift: ed9b04ee0e3067ffba543283462d619f944b05e5

PODFILE CHECKSUM: 3f4989fbf0a3eb6dc5e99361754979ef2e92d30a

COCOAPODS: 1.8.4
