// !$*UTF8*$!
{
	archiveVersion = 1;
	classes = {
	};
	objectVersion = 51;
	objects = {

/* Begin PBXBuildFile section */
		1A48CDE5D58C5268BE87037C /* Pods_Hessen_Tim_ContainerViewControllerPatternTests.framework in Frameworks */ = {isa = PBXBuildFile; fileRef = DBD846E24BAC2645E484FB52 /* Pods_Hessen_Tim_ContainerViewControllerPatternTests.framework */; };
		2BC97409584C0A23E0E67AAB /* Pods_Hessen_Tim_ContainerViewControllerPattern.framework in Frameworks */ = {isa = PBXBuildFile; fileRef = 5D993B901B4A1FED71CB250D /* Pods_Hessen_Tim_ContainerViewControllerPattern.framework */; };
		8F4B241222C500F000A8E678 /* PatientendatenViewController.swift in Sources */ = {isa = PBXBuildFile; fileRef = 8F4B241122C500F000A8E678 /* PatientendatenViewController.swift */; };
		8F4B241422C5020B00A8E678 /* iOSDropDown.swift in Sources */ = {isa = PBXBuildFile; fileRef = 8F4B241322C5020B00A8E678 /* iOSDropDown.swift */; };
		8F4E063E22B1058E002CBC95 /* MasterViewController.swift in Sources */ = {isa = PBXBuildFile; fileRef = 8F4E063D22B1058E002CBC95 /* MasterViewController.swift */; };
		8F4E064022B10BCE002CBC95 /* SplitViewController.swift in Sources */ = {isa = PBXBuildFile; fileRef = 8F4E063F22B10BCE002CBC95 /* SplitViewController.swift */; };
		8F5233D9223949D50020292F /* AppDelegate.swift in Sources */ = {isa = PBXBuildFile; fileRef = 8F5233D8223949D50020292F /* AppDelegate.swift */; };
		8F5233DB223949D50020292F /* BaseViewController.swift in Sources */ = {isa = PBXBuildFile; fileRef = 8F5233DA223949D50020292F /* BaseViewController.swift */; };
		8F5233DE223949D50020292F /* Main.storyboard in Resources */ = {isa = PBXBuildFile; fileRef = 8F5233DC223949D50020292F /* Main.storyboard */; };
		8F5233E0223949D70020292F /* Assets.xcassets in Resources */ = {isa = PBXBuildFile; fileRef = 8F5233DF223949D70020292F /* Assets.xcassets */; };
		8F5233E3223949D70020292F /* LaunchScreen.storyboard in Resources */ = {isa = PBXBuildFile; fileRef = 8F5233E1223949D70020292F /* LaunchScreen.storyboard */; };
		8F5233EE223949D70020292F /* Hessen_Tim_ContainerViewControllerPatternTests.swift in Sources */ = {isa = PBXBuildFile; fileRef = 8F5233ED223949D70020292F /* Hessen_Tim_ContainerViewControllerPatternTests.swift */; };
		8F5233F9223949D70020292F /* Hessen_Tim_ContainerViewControllerPatternUITests.swift in Sources */ = {isa = PBXBuildFile; fileRef = 8F5233F8223949D70020292F /* Hessen_Tim_ContainerViewControllerPatternUITests.swift */; };
		8F523407223951800020292F /* CameraPictureViewController.swift in Sources */ = {isa = PBXBuildFile; fileRef = 8F523406223951800020292F /* CameraPictureViewController.swift */; };
		8FDE86A422C9F2360034A913 /* LoginScreenViewController.swift in Sources */ = {isa = PBXBuildFile; fileRef = 8FDE86A322C9F2360034A913 /* LoginScreenViewController.swift */; };
		8FDE86A822CA181E0034A913 /* OrderListViewController.swift in Sources */ = {isa = PBXBuildFile; fileRef = 8FDE86A722CA181E0034A913 /* OrderListViewController.swift */; };
		8FDE86AA22CA3F210034A913 /* PatientListViewController.swift in Sources */ = {isa = PBXBuildFile; fileRef = 8FDE86A922CA3F210034A913 /* PatientListViewController.swift */; };
		8FEB9B0A2264B24C00DD45CF /* PatientDataViewController.swift in Sources */ = {isa = PBXBuildFile; fileRef = 8FEB9B092264B24C00DD45CF /* PatientDataViewController.swift */; };
		9724C7DB2254D75A006A67DF /* CamerPictureDelegate.swift in Sources */ = {isa = PBXBuildFile; fileRef = 9724C7DA2254D75A006A67DF /* CamerPictureDelegate.swift */; };
		9724C7DD2256E269006A67DF /* FirstScreenViewController.swift in Sources */ = {isa = PBXBuildFile; fileRef = 9724C7DC2256E269006A67DF /* FirstScreenViewController.swift */; };
		9724C7E02256E4E3006A67DF /* SecondScreenViewController.swift in Sources */ = {isa = PBXBuildFile; fileRef = 9724C7DF2256E4E3006A67DF /* SecondScreenViewController.swift */; };
		97BDA8072254C63C0055EBCE /* GalleryDelegate.swift in Sources */ = {isa = PBXBuildFile; fileRef = 97BDA8042254C63B0055EBCE /* GalleryDelegate.swift */; };
		97BDA8082254C63C0055EBCE /* GalleryPictureCollectionViewCell.swift in Sources */ = {isa = PBXBuildFile; fileRef = 97BDA8052254C63B0055EBCE /* GalleryPictureCollectionViewCell.swift */; };
		97BDA8092254C63C0055EBCE /* GalleryViewController.swift in Sources */ = {isa = PBXBuildFile; fileRef = 97BDA8062254C63B0055EBCE /* GalleryViewController.swift */; };
		E13F8841AF06A9CCC04E9833 /* Pods_Hessen_Tim_ContainerViewControllerPatternUITests.framework in Frameworks */ = {isa = PBXBuildFile; fileRef = F97DAC4DC424232B4C9168E3 /* Pods_Hessen_Tim_ContainerViewControllerPatternUITests.framework */; };
/* End PBXBuildFile section */

/* Begin PBXContainerItemProxy section */
		8F5233EA223949D70020292F /* PBXContainerItemProxy */ = {
			isa = PBXContainerItemProxy;
			containerPortal = 8F5233CD223949D50020292F /* Project object */;
			proxyType = 1;
			remoteGlobalIDString = 8F5233D4223949D50020292F;
			remoteInfo = "Hessen-Tim-ContainerViewControllerPattern";
		};
		8F5233F5223949D70020292F /* PBXContainerItemProxy */ = {
			isa = PBXContainerItemProxy;
			containerPortal = 8F5233CD223949D50020292F /* Project object */;
			proxyType = 1;
			remoteGlobalIDString = 8F5233D4223949D50020292F;
			remoteInfo = "Hessen-Tim-ContainerViewControllerPattern";
		};
/* End PBXContainerItemProxy section */

/* Begin PBXFileReference section */
		2FDE712AD0FCD45E738A7792 /* Pods-Hessen-Tim-ContainerViewControllerPattern.release.xcconfig */ = {isa = PBXFileReference; includeInIndex = 1; lastKnownFileType = text.xcconfig; name = "Pods-Hessen-Tim-ContainerViewControllerPattern.release.xcconfig"; path = "Target Support Files/Pods-Hessen-Tim-ContainerViewControllerPattern/Pods-Hessen-Tim-ContainerViewControllerPattern.release.xcconfig"; sourceTree = "<group>"; };
		3EC07A8FA62B2B7662728F41 /* Pods-Hessen-Tim-ContainerViewControllerPatternUITests.release.xcconfig */ = {isa = PBXFileReference; includeInIndex = 1; lastKnownFileType = text.xcconfig; name = "Pods-Hessen-Tim-ContainerViewControllerPatternUITests.release.xcconfig"; path = "Target Support Files/Pods-Hessen-Tim-ContainerViewControllerPatternUITests/Pods-Hessen-Tim-ContainerViewControllerPatternUITests.release.xcconfig"; sourceTree = "<group>"; };
		4CC4F870BB47D08A7D594D3F /* Pods-Hessen-Tim-ContainerViewControllerPattern.debug.xcconfig */ = {isa = PBXFileReference; includeInIndex = 1; lastKnownFileType = text.xcconfig; name = "Pods-Hessen-Tim-ContainerViewControllerPattern.debug.xcconfig"; path = "Target Support Files/Pods-Hessen-Tim-ContainerViewControllerPattern/Pods-Hessen-Tim-ContainerViewControllerPattern.debug.xcconfig"; sourceTree = "<group>"; };
		5D993B901B4A1FED71CB250D /* Pods_Hessen_Tim_ContainerViewControllerPattern.framework */ = {isa = PBXFileReference; explicitFileType = wrapper.framework; includeInIndex = 0; path = Pods_Hessen_Tim_ContainerViewControllerPattern.framework; sourceTree = BUILT_PRODUCTS_DIR; };
		84E70DA57A756E179C2BDED4 /* Pods-Hessen-Tim-ContainerViewControllerPatternTests.release.xcconfig */ = {isa = PBXFileReference; includeInIndex = 1; lastKnownFileType = text.xcconfig; name = "Pods-Hessen-Tim-ContainerViewControllerPatternTests.release.xcconfig"; path = "Target Support Files/Pods-Hessen-Tim-ContainerViewControllerPatternTests/Pods-Hessen-Tim-ContainerViewControllerPatternTests.release.xcconfig"; sourceTree = "<group>"; };
		8F4B241122C500F000A8E678 /* PatientendatenViewController.swift */ = {isa = PBXFileReference; lastKnownFileType = sourcecode.swift; path = PatientendatenViewController.swift; sourceTree = "<group>"; };
		8F4B241322C5020B00A8E678 /* iOSDropDown.swift */ = {isa = PBXFileReference; fileEncoding = 4; lastKnownFileType = sourcecode.swift; path = iOSDropDown.swift; sourceTree = "<group>"; };
		8F4E063D22B1058E002CBC95 /* MasterViewController.swift */ = {isa = PBXFileReference; lastKnownFileType = sourcecode.swift; path = MasterViewController.swift; sourceTree = "<group>"; };
		8F4E063F22B10BCE002CBC95 /* SplitViewController.swift */ = {isa = PBXFileReference; lastKnownFileType = sourcecode.swift; path = SplitViewController.swift; sourceTree = "<group>"; };
		8F5233D5223949D50020292F /* Hessen-Tim-ContainerViewControllerPattern.app */ = {isa = PBXFileReference; explicitFileType = wrapper.application; includeInIndex = 0; path = "Hessen-Tim-ContainerViewControllerPattern.app"; sourceTree = BUILT_PRODUCTS_DIR; };
		8F5233D8223949D50020292F /* AppDelegate.swift */ = {isa = PBXFileReference; lastKnownFileType = sourcecode.swift; path = AppDelegate.swift; sourceTree = "<group>"; };
		8F5233DA223949D50020292F /* BaseViewController.swift */ = {isa = PBXFileReference; lastKnownFileType = sourcecode.swift; path = BaseViewController.swift; sourceTree = "<group>"; };
		8F5233DD223949D50020292F /* Base */ = {isa = PBXFileReference; lastKnownFileType = file.storyboard; name = Base; path = Base.lproj/Main.storyboard; sourceTree = "<group>"; };
		8F5233DF223949D70020292F /* Assets.xcassets */ = {isa = PBXFileReference; lastKnownFileType = folder.assetcatalog; path = Assets.xcassets; sourceTree = "<group>"; };
		8F5233E2223949D70020292F /* Base */ = {isa = PBXFileReference; lastKnownFileType = file.storyboard; name = Base; path = Base.lproj/LaunchScreen.storyboard; sourceTree = "<group>"; };
		8F5233E4223949D70020292F /* Info.plist */ = {isa = PBXFileReference; lastKnownFileType = text.plist.xml; path = Info.plist; sourceTree = "<group>"; };
		8F5233E9223949D70020292F /* Hessen-Tim-ContainerViewControllerPatternTests.xctest */ = {isa = PBXFileReference; explicitFileType = wrapper.cfbundle; includeInIndex = 0; path = "Hessen-Tim-ContainerViewControllerPatternTests.xctest"; sourceTree = BUILT_PRODUCTS_DIR; };
		8F5233ED223949D70020292F /* Hessen_Tim_ContainerViewControllerPatternTests.swift */ = {isa = PBXFileReference; lastKnownFileType = sourcecode.swift; path = Hessen_Tim_ContainerViewControllerPatternTests.swift; sourceTree = "<group>"; };
		8F5233EF223949D70020292F /* Info.plist */ = {isa = PBXFileReference; lastKnownFileType = text.plist.xml; path = Info.plist; sourceTree = "<group>"; };
		8F5233F4223949D70020292F /* Hessen-Tim-ContainerViewControllerPatternUITests.xctest */ = {isa = PBXFileReference; explicitFileType = wrapper.cfbundle; includeInIndex = 0; path = "Hessen-Tim-ContainerViewControllerPatternUITests.xctest"; sourceTree = BUILT_PRODUCTS_DIR; };
		8F5233F8223949D70020292F /* Hessen_Tim_ContainerViewControllerPatternUITests.swift */ = {isa = PBXFileReference; lastKnownFileType = sourcecode.swift; path = Hessen_Tim_ContainerViewControllerPatternUITests.swift; sourceTree = "<group>"; };
		8F5233FA223949D70020292F /* Info.plist */ = {isa = PBXFileReference; lastKnownFileType = text.plist.xml; path = Info.plist; sourceTree = "<group>"; };
		8F523406223951800020292F /* CameraPictureViewController.swift */ = {isa = PBXFileReference; lastKnownFileType = sourcecode.swift; path = CameraPictureViewController.swift; sourceTree = "<group>"; };
		8FDE86A322C9F2360034A913 /* LoginScreenViewController.swift */ = {isa = PBXFileReference; lastKnownFileType = sourcecode.swift; path = LoginScreenViewController.swift; sourceTree = "<group>"; };
		8FDE86A722CA181E0034A913 /* OrderListViewController.swift */ = {isa = PBXFileReference; lastKnownFileType = sourcecode.swift; path = OrderListViewController.swift; sourceTree = "<group>"; };
		8FDE86A922CA3F210034A913 /* PatientListViewController.swift */ = {isa = PBXFileReference; lastKnownFileType = sourcecode.swift; path = PatientListViewController.swift; sourceTree = "<group>"; };
		8FEB9B092264B24C00DD45CF /* PatientDataViewController.swift */ = {isa = PBXFileReference; lastKnownFileType = sourcecode.swift; path = PatientDataViewController.swift; sourceTree = "<group>"; };
		9724C7DA2254D75A006A67DF /* CamerPictureDelegate.swift */ = {isa = PBXFileReference; lastKnownFileType = sourcecode.swift; path = CamerPictureDelegate.swift; sourceTree = "<group>"; };
		9724C7DC2256E269006A67DF /* FirstScreenViewController.swift */ = {isa = PBXFileReference; lastKnownFileType = sourcecode.swift; path = FirstScreenViewController.swift; sourceTree = "<group>"; };
		9724C7DF2256E4E3006A67DF /* SecondScreenViewController.swift */ = {isa = PBXFileReference; lastKnownFileType = sourcecode.swift; path = SecondScreenViewController.swift; sourceTree = "<group>"; };
		97BDA8042254C63B0055EBCE /* GalleryDelegate.swift */ = {isa = PBXFileReference; fileEncoding = 4; lastKnownFileType = sourcecode.swift; path = GalleryDelegate.swift; sourceTree = "<group>"; };
		97BDA8052254C63B0055EBCE /* GalleryPictureCollectionViewCell.swift */ = {isa = PBXFileReference; fileEncoding = 4; lastKnownFileType = sourcecode.swift; path = GalleryPictureCollectionViewCell.swift; sourceTree = "<group>"; };
		97BDA8062254C63B0055EBCE /* GalleryViewController.swift */ = {isa = PBXFileReference; fileEncoding = 4; lastKnownFileType = sourcecode.swift; path = GalleryViewController.swift; sourceTree = "<group>"; };
		BEF3EB7AB996A3017B312937 /* Pods-Hessen-Tim-ContainerViewControllerPatternUITests.debug.xcconfig */ = {isa = PBXFileReference; includeInIndex = 1; lastKnownFileType = text.xcconfig; name = "Pods-Hessen-Tim-ContainerViewControllerPatternUITests.debug.xcconfig"; path = "Target Support Files/Pods-Hessen-Tim-ContainerViewControllerPatternUITests/Pods-Hessen-Tim-ContainerViewControllerPatternUITests.debug.xcconfig"; sourceTree = "<group>"; };
		DBD846E24BAC2645E484FB52 /* Pods_Hessen_Tim_ContainerViewControllerPatternTests.framework */ = {isa = PBXFileReference; explicitFileType = wrapper.framework; includeInIndex = 0; path = Pods_Hessen_Tim_ContainerViewControllerPatternTests.framework; sourceTree = BUILT_PRODUCTS_DIR; };
		E28A71EEAE853289A291CFDB /* Pods-Hessen-Tim-ContainerViewControllerPatternTests.debug.xcconfig */ = {isa = PBXFileReference; includeInIndex = 1; lastKnownFileType = text.xcconfig; name = "Pods-Hessen-Tim-ContainerViewControllerPatternTests.debug.xcconfig"; path = "Target Support Files/Pods-Hessen-Tim-ContainerViewControllerPatternTests/Pods-Hessen-Tim-ContainerViewControllerPatternTests.debug.xcconfig"; sourceTree = "<group>"; };
		F97DAC4DC424232B4C9168E3 /* Pods_Hessen_Tim_ContainerViewControllerPatternUITests.framework */ = {isa = PBXFileReference; explicitFileType = wrapper.framework; includeInIndex = 0; path = Pods_Hessen_Tim_ContainerViewControllerPatternUITests.framework; sourceTree = BUILT_PRODUCTS_DIR; };
/* End PBXFileReference section */

/* Begin PBXFrameworksBuildPhase section */
		8F5233D2223949D50020292F /* Frameworks */ = {
			isa = PBXFrameworksBuildPhase;
			buildActionMask = 2147483647;
			files = (
				2BC97409584C0A23E0E67AAB /* Pods_Hessen_Tim_ContainerViewControllerPattern.framework in Frameworks */,
			);
			runOnlyForDeploymentPostprocessing = 0;
		};
		8F5233E6223949D70020292F /* Frameworks */ = {
			isa = PBXFrameworksBuildPhase;
			buildActionMask = 2147483647;
			files = (
				1A48CDE5D58C5268BE87037C /* Pods_Hessen_Tim_ContainerViewControllerPatternTests.framework in Frameworks */,
			);
			runOnlyForDeploymentPostprocessing = 0;
		};
		8F5233F1223949D70020292F /* Frameworks */ = {
			isa = PBXFrameworksBuildPhase;
			buildActionMask = 2147483647;
			files = (
				E13F8841AF06A9CCC04E9833 /* Pods_Hessen_Tim_ContainerViewControllerPatternUITests.framework in Frameworks */,
			);
			runOnlyForDeploymentPostprocessing = 0;
		};
/* End PBXFrameworksBuildPhase section */

/* Begin PBXGroup section */
		118178D66D482D486529D479 /* Pods */ = {
			isa = PBXGroup;
			children = (
				4CC4F870BB47D08A7D594D3F /* Pods-Hessen-Tim-ContainerViewControllerPattern.debug.xcconfig */,
				2FDE712AD0FCD45E738A7792 /* Pods-Hessen-Tim-ContainerViewControllerPattern.release.xcconfig */,
				E28A71EEAE853289A291CFDB /* Pods-Hessen-Tim-ContainerViewControllerPatternTests.debug.xcconfig */,
				84E70DA57A756E179C2BDED4 /* Pods-Hessen-Tim-ContainerViewControllerPatternTests.release.xcconfig */,
				BEF3EB7AB996A3017B312937 /* Pods-Hessen-Tim-ContainerViewControllerPatternUITests.debug.xcconfig */,
				3EC07A8FA62B2B7662728F41 /* Pods-Hessen-Tim-ContainerViewControllerPatternUITests.release.xcconfig */,
			);
			path = Pods;
			sourceTree = "<group>";
		};
		8F4B241022C500D100A8E678 /* Patientendaten */ = {
			isa = PBXGroup;
			children = (
				8F4B241122C500F000A8E678 /* PatientendatenViewController.swift */,
			);
			path = Patientendaten;
			sourceTree = "<group>";
		};
		8F5233CC223949D50020292F = {
			isa = PBXGroup;
			children = (
				8F5233D7223949D50020292F /* Hessen-Tim-ContainerViewControllerPattern */,
				8F5233EC223949D70020292F /* Hessen-Tim-ContainerViewControllerPatternTests */,
				8F5233F7223949D70020292F /* Hessen-Tim-ContainerViewControllerPatternUITests */,
				8F5233D6223949D50020292F /* Products */,
				118178D66D482D486529D479 /* Pods */,
				FF0DA66B16690C4B449937DE /* Frameworks */,
			);
			sourceTree = "<group>";
		};
		8F5233D6223949D50020292F /* Products */ = {
			isa = PBXGroup;
			children = (
				8F5233D5223949D50020292F /* Hessen-Tim-ContainerViewControllerPattern.app */,
				8F5233E9223949D70020292F /* Hessen-Tim-ContainerViewControllerPatternTests.xctest */,
				8F5233F4223949D70020292F /* Hessen-Tim-ContainerViewControllerPatternUITests.xctest */,
			);
			name = Products;
			sourceTree = "<group>";
		};
		8F5233D7223949D50020292F /* Hessen-Tim-ContainerViewControllerPattern */ = {
			isa = PBXGroup;
			children = (
				8F4B241322C5020B00A8E678 /* iOSDropDown.swift */,
				8F4E063D22B1058E002CBC95 /* MasterViewController.swift */,
				8F5233D8223949D50020292F /* AppDelegate.swift */,
				8F5233DA223949D50020292F /* BaseViewController.swift */,
				8F5233DC223949D50020292F /* Main.storyboard */,
				8F4E063F22B10BCE002CBC95 /* SplitViewController.swift */,
				8F4B241022C500D100A8E678 /* Patientendaten */,
				9724C7DE2256E26E006A67DF /* Fake Screens */,
				8F5BBDA122DF02BF0020A0C5 /* PatientListVIew */,
				8FB9E65E22F0878000CE4FF6 /* OrderListView */,
				97BDA80A2254C6460055EBCE /* Gallery */,
				9724C7D92254D73D006A67DF /* Camera Picture View */,
				8F5233DF223949D70020292F /* Assets.xcassets */,
				8F5233E1223949D70020292F /* LaunchScreen.storyboard */,
				8F5233E4223949D70020292F /* Info.plist */,
			);
			path = "Hessen-Tim-ContainerViewControllerPattern";
			sourceTree = "<group>";
		};
		8F5233EC223949D70020292F /* Hessen-Tim-ContainerViewControllerPatternTests */ = {
			isa = PBXGroup;
			children = (
				8F5233ED223949D70020292F /* Hessen_Tim_ContainerViewControllerPatternTests.swift */,
				8F5233EF223949D70020292F /* Info.plist */,
			);
			path = "Hessen-Tim-ContainerViewControllerPatternTests";
			sourceTree = "<group>";
		};
		8F5233F7223949D70020292F /* Hessen-Tim-ContainerViewControllerPatternUITests */ = {
			isa = PBXGroup;
			children = (
				8F5233F8223949D70020292F /* Hessen_Tim_ContainerViewControllerPatternUITests.swift */,
				8F5233FA223949D70020292F /* Info.plist */,
			);
			path = "Hessen-Tim-ContainerViewControllerPatternUITests";
			sourceTree = "<group>";
		};
		8F5BBDA122DF02BF0020A0C5 /* PatientListVIew */ = {
			isa = PBXGroup;
			children = (
				8FDE86A922CA3F210034A913 /* PatientListViewController.swift */,
			);
			path = PatientListVIew;
			sourceTree = "<group>";
		};
		8FB9E65E22F0878000CE4FF6 /* OrderListView */ = {
			isa = PBXGroup;
			children = (
				8FDE86A722CA181E0034A913 /* OrderListViewController.swift */,
			);
			path = OrderListView;
			sourceTree = "<group>";
		};
		9724C7D92254D73D006A67DF /* Camera Picture View */ = {
			isa = PBXGroup;
			children = (
				8F523406223951800020292F /* CameraPictureViewController.swift */,
				9724C7DA2254D75A006A67DF /* CamerPictureDelegate.swift */,
			);
			path = "Camera Picture View";
			sourceTree = "<group>";
		};
		9724C7DE2256E26E006A67DF /* Fake Screens */ = {
			isa = PBXGroup;
			children = (
				9724C7DF2256E4E3006A67DF /* SecondScreenViewController.swift */,
				9724C7DC2256E269006A67DF /* FirstScreenViewController.swift */,
				8FEB9B092264B24C00DD45CF /* PatientDataViewController.swift */,
				8FDE86A322C9F2360034A913 /* LoginScreenViewController.swift */,
			);
			path = "Fake Screens";
			sourceTree = "<group>";
		};
		97BDA80A2254C6460055EBCE /* Gallery */ = {
			isa = PBXGroup;
			children = (
				97BDA8042254C63B0055EBCE /* GalleryDelegate.swift */,
				97BDA8052254C63B0055EBCE /* GalleryPictureCollectionViewCell.swift */,
				97BDA8062254C63B0055EBCE /* GalleryViewController.swift */,
			);
			path = Gallery;
			sourceTree = "<group>";
		};
		FF0DA66B16690C4B449937DE /* Frameworks */ = {
			isa = PBXGroup;
			children = (
				5D993B901B4A1FED71CB250D /* Pods_Hessen_Tim_ContainerViewControllerPattern.framework */,
				DBD846E24BAC2645E484FB52 /* Pods_Hessen_Tim_ContainerViewControllerPatternTests.framework */,
				F97DAC4DC424232B4C9168E3 /* Pods_Hessen_Tim_ContainerViewControllerPatternUITests.framework */,
			);
			name = Frameworks;
			sourceTree = "<group>";
		};
/* End PBXGroup section */

/* Begin PBXNativeTarget section */
		8F5233D4223949D50020292F /* Hessen-Tim-ContainerViewControllerPattern */ = {
			isa = PBXNativeTarget;
			buildConfigurationList = 8F5233FD223949D70020292F /* Build configuration list for PBXNativeTarget "Hessen-Tim-ContainerViewControllerPattern" */;
			buildPhases = (
				D42549F62A7579CE13586917 /* [CP] Check Pods Manifest.lock */,
				8F5233D1223949D50020292F /* Sources */,
				8F5233D2223949D50020292F /* Frameworks */,
				8F5233D3223949D50020292F /* Resources */,
				96A8787DCBDE2A2E7CE33045 /* [CP] Embed Pods Frameworks */,
			);
			buildRules = (
			);
			dependencies = (
			);
			name = "Hessen-Tim-ContainerViewControllerPattern";
			productName = "Hessen-Tim-ContainerViewControllerPattern";
			productReference = 8F5233D5223949D50020292F /* Hessen-Tim-ContainerViewControllerPattern.app */;
			productType = "com.apple.product-type.application";
		};
		8F5233E8223949D70020292F /* Hessen-Tim-ContainerViewControllerPatternTests */ = {
			isa = PBXNativeTarget;
			buildConfigurationList = 8F523400223949D70020292F /* Build configuration list for PBXNativeTarget "Hessen-Tim-ContainerViewControllerPatternTests" */;
			buildPhases = (
				2AD7618850FD5851E74FED23 /* [CP] Check Pods Manifest.lock */,
				8F5233E5223949D70020292F /* Sources */,
				8F5233E6223949D70020292F /* Frameworks */,
				8F5233E7223949D70020292F /* Resources */,
			);
			buildRules = (
			);
			dependencies = (
				8F5233EB223949D70020292F /* PBXTargetDependency */,
			);
			name = "Hessen-Tim-ContainerViewControllerPatternTests";
			productName = "Hessen-Tim-ContainerViewControllerPatternTests";
			productReference = 8F5233E9223949D70020292F /* Hessen-Tim-ContainerViewControllerPatternTests.xctest */;
			productType = "com.apple.product-type.bundle.unit-test";
		};
		8F5233F3223949D70020292F /* Hessen-Tim-ContainerViewControllerPatternUITests */ = {
			isa = PBXNativeTarget;
			buildConfigurationList = 8F523403223949D70020292F /* Build configuration list for PBXNativeTarget "Hessen-Tim-ContainerViewControllerPatternUITests" */;
			buildPhases = (
				9111C8FCC2830A96CAE22627 /* [CP] Check Pods Manifest.lock */,
				8F5233F0223949D70020292F /* Sources */,
				8F5233F1223949D70020292F /* Frameworks */,
				8F5233F2223949D70020292F /* Resources */,
			);
			buildRules = (
			);
			dependencies = (
				8F5233F6223949D70020292F /* PBXTargetDependency */,
			);
			name = "Hessen-Tim-ContainerViewControllerPatternUITests";
			productName = "Hessen-Tim-ContainerViewControllerPatternUITests";
			productReference = 8F5233F4223949D70020292F /* Hessen-Tim-ContainerViewControllerPatternUITests.xctest */;
			productType = "com.apple.product-type.bundle.ui-testing";
		};
/* End PBXNativeTarget section */

/* Begin PBXProject section */
		8F5233CD223949D50020292F /* Project object */ = {
			isa = PBXProject;
			attributes = {
				LastSwiftUpdateCheck = 1010;
				LastUpgradeCheck = 1010;
				ORGANIZATIONNAME = "Michael Rojkov";
				TargetAttributes = {
					8F5233D4223949D50020292F = {
						CreatedOnToolsVersion = 10.1;
					};
					8F5233E8223949D70020292F = {
						CreatedOnToolsVersion = 10.1;
						TestTargetID = 8F5233D4223949D50020292F;
					};
					8F5233F3223949D70020292F = {
						CreatedOnToolsVersion = 10.1;
						TestTargetID = 8F5233D4223949D50020292F;
					};
				};
			};
			buildConfigurationList = 8F5233D0223949D50020292F /* Build configuration list for PBXProject "Hessen-Tim-ContainerViewControllerPattern" */;
			compatibilityVersion = "Xcode 9.3";
			developmentRegion = en;
			hasScannedForEncodings = 0;
			knownRegions = (
				en,
				Base,
			);
			mainGroup = 8F5233CC223949D50020292F;
			productRefGroup = 8F5233D6223949D50020292F /* Products */;
			projectDirPath = "";
			projectRoot = "";
			targets = (
				8F5233D4223949D50020292F /* Hessen-Tim-ContainerViewControllerPattern */,
				8F5233E8223949D70020292F /* Hessen-Tim-ContainerViewControllerPatternTests */,
				8F5233F3223949D70020292F /* Hessen-Tim-ContainerViewControllerPatternUITests */,
			);
		};
/* End PBXProject section */

/* Begin PBXResourcesBuildPhase section */
		8F5233D3223949D50020292F /* Resources */ = {
			isa = PBXResourcesBuildPhase;
			buildActionMask = 2147483647;
			files = (
				8F5233E3223949D70020292F /* LaunchScreen.storyboard in Resources */,
				8F5233E0223949D70020292F /* Assets.xcassets in Resources */,
				8F5233DE223949D50020292F /* Main.storyboard in Resources */,
			);
			runOnlyForDeploymentPostprocessing = 0;
		};
		8F5233E7223949D70020292F /* Resources */ = {
			isa = PBXResourcesBuildPhase;
			buildActionMask = 2147483647;
			files = (
			);
			runOnlyForDeploymentPostprocessing = 0;
		};
		8F5233F2223949D70020292F /* Resources */ = {
			isa = PBXResourcesBuildPhase;
			buildActionMask = 2147483647;
			files = (
			);
			runOnlyForDeploymentPostprocessing = 0;
		};
/* End PBXResourcesBuildPhase section */

/* Begin PBXShellScriptBuildPhase section */
		2AD7618850FD5851E74FED23 /* [CP] Check Pods Manifest.lock */ = {
			isa = PBXShellScriptBuildPhase;
			buildActionMask = 2147483647;
			files = (
			);
			inputFileListPaths = (
			);
			inputPaths = (
				"${PODS_PODFILE_DIR_PATH}/Podfile.lock",
				"${PODS_ROOT}/Manifest.lock",
			);
			name = "[CP] Check Pods Manifest.lock";
			outputFileListPaths = (
			);
			outputPaths = (
				"$(DERIVED_FILE_DIR)/Pods-Hessen-Tim-ContainerViewControllerPatternTests-checkManifestLockResult.txt",
			);
			runOnlyForDeploymentPostprocessing = 0;
			shellPath = /bin/sh;
			shellScript = "diff \"${PODS_PODFILE_DIR_PATH}/Podfile.lock\" \"${PODS_ROOT}/Manifest.lock\" > /dev/null\nif [ $? != 0 ] ; then\n    # print error to STDERR\n    echo \"error: The sandbox is not in sync with the Podfile.lock. Run 'pod install' or update your CocoaPods installation.\" >&2\n    exit 1\nfi\n# This output is used by Xcode 'outputs' to avoid re-running this script phase.\necho \"SUCCESS\" > \"${SCRIPT_OUTPUT_FILE_0}\"\n";
			showEnvVarsInLog = 0;
		};
		9111C8FCC2830A96CAE22627 /* [CP] Check Pods Manifest.lock */ = {
			isa = PBXShellScriptBuildPhase;
			buildActionMask = 2147483647;
			files = (
			);
			inputFileListPaths = (
			);
			inputPaths = (
				"${PODS_PODFILE_DIR_PATH}/Podfile.lock",
				"${PODS_ROOT}/Manifest.lock",
			);
			name = "[CP] Check Pods Manifest.lock";
			outputFileListPaths = (
			);
			outputPaths = (
				"$(DERIVED_FILE_DIR)/Pods-Hessen-Tim-ContainerViewControllerPatternUITests-checkManifestLockResult.txt",
			);
			runOnlyForDeploymentPostprocessing = 0;
			shellPath = /bin/sh;
			shellScript = "diff \"${PODS_PODFILE_DIR_PATH}/Podfile.lock\" \"${PODS_ROOT}/Manifest.lock\" > /dev/null\nif [ $? != 0 ] ; then\n    # print error to STDERR\n    echo \"error: The sandbox is not in sync with the Podfile.lock. Run 'pod install' or update your CocoaPods installation.\" >&2\n    exit 1\nfi\n# This output is used by Xcode 'outputs' to avoid re-running this script phase.\necho \"SUCCESS\" > \"${SCRIPT_OUTPUT_FILE_0}\"\n";
			showEnvVarsInLog = 0;
		};
		96A8787DCBDE2A2E7CE33045 /* [CP] Embed Pods Frameworks */ = {
			isa = PBXShellScriptBuildPhase;
			buildActionMask = 2147483647;
			files = (
			);
			inputFileListPaths = (
				"${PODS_ROOT}/Target Support Files/Pods-Hessen-Tim-ContainerViewControllerPattern/Pods-Hessen-Tim-ContainerViewControllerPattern-frameworks-${CONFIGURATION}-input-files.xcfilelist",
			);
			name = "[CP] Embed Pods Frameworks";
			outputFileListPaths = (
				"${PODS_ROOT}/Target Support Files/Pods-Hessen-Tim-ContainerViewControllerPattern/Pods-Hessen-Tim-ContainerViewControllerPattern-frameworks-${CONFIGURATION}-output-files.xcfilelist",
			);
			runOnlyForDeploymentPostprocessing = 0;
			shellPath = /bin/sh;
			shellScript = "\"${PODS_ROOT}/Target Support Files/Pods-Hessen-Tim-ContainerViewControllerPattern/Pods-Hessen-Tim-ContainerViewControllerPattern-frameworks.sh\"\n";
			showEnvVarsInLog = 0;
		};
		D42549F62A7579CE13586917 /* [CP] Check Pods Manifest.lock */ = {
			isa = PBXShellScriptBuildPhase;
			buildActionMask = 2147483647;
			files = (
			);
			inputFileListPaths = (
			);
			inputPaths = (
				"${PODS_PODFILE_DIR_PATH}/Podfile.lock",
				"${PODS_ROOT}/Manifest.lock",
			);
			name = "[CP] Check Pods Manifest.lock";
			outputFileListPaths = (
			);
			outputPaths = (
				"$(DERIVED_FILE_DIR)/Pods-Hessen-Tim-ContainerViewControllerPattern-checkManifestLockResult.txt",
			);
			runOnlyForDeploymentPostprocessing = 0;
			shellPath = /bin/sh;
			shellScript = "diff \"${PODS_PODFILE_DIR_PATH}/Podfile.lock\" \"${PODS_ROOT}/Manifest.lock\" > /dev/null\nif [ $? != 0 ] ; then\n    # print error to STDERR\n    echo \"error: The sandbox is not in sync with the Podfile.lock. Run 'pod install' or update your CocoaPods installation.\" >&2\n    exit 1\nfi\n# This output is used by Xcode 'outputs' to avoid re-running this script phase.\necho \"SUCCESS\" > \"${SCRIPT_OUTPUT_FILE_0}\"\n";
			showEnvVarsInLog = 0;
		};
/* End PBXShellScriptBuildPhase section */

/* Begin PBXSourcesBuildPhase section */
		8F5233D1223949D50020292F /* Sources */ = {
			isa = PBXSourcesBuildPhase;
			buildActionMask = 2147483647;
			files = (
				8F5233DB223949D50020292F /* BaseViewController.swift in Sources */,
				97BDA8092254C63C0055EBCE /* GalleryViewController.swift in Sources */,
				8F4E063E22B1058E002CBC95 /* MasterViewController.swift in Sources */,
				8F5233D9223949D50020292F /* AppDelegate.swift in Sources */,
				9724C7E02256E4E3006A67DF /* SecondScreenViewController.swift in Sources */,
				97BDA8082254C63C0055EBCE /* GalleryPictureCollectionViewCell.swift in Sources */,
				9724C7DD2256E269006A67DF /* FirstScreenViewController.swift in Sources */,
				8FEB9B0A2264B24C00DD45CF /* PatientDataViewController.swift in Sources */,
				8FDE86A422C9F2360034A913 /* LoginScreenViewController.swift in Sources */,
				8F4B241422C5020B00A8E678 /* iOSDropDown.swift in Sources */,
				8F4B241222C500F000A8E678 /* PatientendatenViewController.swift in Sources */,
				8FDE86AA22CA3F210034A913 /* PatientListViewController.swift in Sources */,
				8F523407223951800020292F /* CameraPictureViewController.swift in Sources */,
				9724C7DB2254D75A006A67DF /* CamerPictureDelegate.swift in Sources */,
				97BDA8072254C63C0055EBCE /* GalleryDelegate.swift in Sources */,
				8F4E064022B10BCE002CBC95 /* SplitViewController.swift in Sources */,
				8FDE86A822CA181E0034A913 /* OrderListViewController.swift in Sources */,
			);
			runOnlyForDeploymentPostprocessing = 0;
		};
		8F5233E5223949D70020292F /* Sources */ = {
			isa = PBXSourcesBuildPhase;
			buildActionMask = 2147483647;
			files = (
				8F5233EE223949D70020292F /* Hessen_Tim_ContainerViewControllerPatternTests.swift in Sources */,
			);
			runOnlyForDeploymentPostprocessing = 0;
		};
		8F5233F0223949D70020292F /* Sources */ = {
			isa = PBXSourcesBuildPhase;
			buildActionMask = 2147483647;
			files = (
				8F5233F9223949D70020292F /* Hessen_Tim_ContainerViewControllerPatternUITests.swift in Sources */,
			);
			runOnlyForDeploymentPostprocessing = 0;
		};
/* End PBXSourcesBuildPhase section */

/* Begin PBXTargetDependency section */
		8F5233EB223949D70020292F /* PBXTargetDependency */ = {
			isa = PBXTargetDependency;
			target = 8F5233D4223949D50020292F /* Hessen-Tim-ContainerViewControllerPattern */;
			targetProxy = 8F5233EA223949D70020292F /* PBXContainerItemProxy */;
		};
		8F5233F6223949D70020292F /* PBXTargetDependency */ = {
			isa = PBXTargetDependency;
			target = 8F5233D4223949D50020292F /* Hessen-Tim-ContainerViewControllerPattern */;
			targetProxy = 8F5233F5223949D70020292F /* PBXContainerItemProxy */;
		};
/* End PBXTargetDependency section */

/* Begin PBXVariantGroup section */
		8F5233DC223949D50020292F /* Main.storyboard */ = {
			isa = PBXVariantGroup;
			children = (
				8F5233DD223949D50020292F /* Base */,
			);
			name = Main.storyboard;
			sourceTree = "<group>";
		};
		8F5233E1223949D70020292F /* LaunchScreen.storyboard */ = {
			isa = PBXVariantGroup;
			children = (
				8F5233E2223949D70020292F /* Base */,
			);
			name = LaunchScreen.storyboard;
			sourceTree = "<group>";
		};
/* End PBXVariantGroup section */

/* Begin XCBuildConfiguration section */
		8F5233FB223949D70020292F /* Debug */ = {
			isa = XCBuildConfiguration;
			buildSettings = {
				ALWAYS_SEARCH_USER_PATHS = NO;
				CLANG_ANALYZER_NONNULL = YES;
				CLANG_ANALYZER_NUMBER_OBJECT_CONVERSION = YES_AGGRESSIVE;
				CLANG_CXX_LANGUAGE_STANDARD = "gnu++14";
				CLANG_CXX_LIBRARY = "libc++";
				CLANG_ENABLE_MODULES = YES;
				CLANG_ENABLE_OBJC_ARC = YES;
				CLANG_ENABLE_OBJC_WEAK = YES;
				CLANG_WARN_BLOCK_CAPTURE_AUTORELEASING = YES;
				CLANG_WARN_BOOL_CONVERSION = YES;
				CLANG_WARN_COMMA = YES;
				CLANG_WARN_CONSTANT_CONVERSION = YES;
				CLANG_WARN_DEPRECATED_OBJC_IMPLEMENTATIONS = YES;
				CLANG_WARN_DIRECT_OBJC_ISA_USAGE = YES_ERROR;
				CLANG_WARN_DOCUMENTATION_COMMENTS = YES;
				CLANG_WARN_EMPTY_BODY = YES;
				CLANG_WARN_ENUM_CONVERSION = YES;
				CLANG_WARN_INFINITE_RECURSION = YES;
				CLANG_WARN_INT_CONVERSION = YES;
				CLANG_WARN_NON_LITERAL_NULL_CONVERSION = YES;
				CLANG_WARN_OBJC_IMPLICIT_RETAIN_SELF = YES;
				CLANG_WARN_OBJC_LITERAL_CONVERSION = YES;
				CLANG_WARN_OBJC_ROOT_CLASS = YES_ERROR;
				CLANG_WARN_RANGE_LOOP_ANALYSIS = YES;
				CLANG_WARN_STRICT_PROTOTYPES = YES;
				CLANG_WARN_SUSPICIOUS_MOVE = YES;
				CLANG_WARN_UNGUARDED_AVAILABILITY = YES_AGGRESSIVE;
				CLANG_WARN_UNREACHABLE_CODE = YES;
				CLANG_WARN__DUPLICATE_METHOD_MATCH = YES;
				CODE_SIGN_IDENTITY = "iPhone Developer";
				COPY_PHASE_STRIP = NO;
				DEBUG_INFORMATION_FORMAT = dwarf;
				ENABLE_STRICT_OBJC_MSGSEND = YES;
				ENABLE_TESTABILITY = YES;
				GCC_C_LANGUAGE_STANDARD = gnu11;
				GCC_DYNAMIC_NO_PIC = NO;
				GCC_NO_COMMON_BLOCKS = YES;
				GCC_OPTIMIZATION_LEVEL = 0;
				GCC_PREPROCESSOR_DEFINITIONS = (
					"DEBUG=1",
					"$(inherited)",
				);
				GCC_WARN_64_TO_32_BIT_CONVERSION = YES;
				GCC_WARN_ABOUT_RETURN_TYPE = YES_ERROR;
				GCC_WARN_UNDECLARED_SELECTOR = YES;
				GCC_WARN_UNINITIALIZED_AUTOS = YES_AGGRESSIVE;
				GCC_WARN_UNUSED_FUNCTION = YES;
				GCC_WARN_UNUSED_VARIABLE = YES;
				IPHONEOS_DEPLOYMENT_TARGET = 12.1;
				MTL_ENABLE_DEBUG_INFO = INCLUDE_SOURCE;
				MTL_FAST_MATH = YES;
				ONLY_ACTIVE_ARCH = YES;
				SDKROOT = iphoneos;
				SWIFT_ACTIVE_COMPILATION_CONDITIONS = DEBUG;
				SWIFT_OPTIMIZATION_LEVEL = "-Onone";
			};
			name = Debug;
		};
		8F5233FC223949D70020292F /* Release */ = {
			isa = XCBuildConfiguration;
			buildSettings = {
				ALWAYS_SEARCH_USER_PATHS = NO;
				CLANG_ANALYZER_NONNULL = YES;
				CLANG_ANALYZER_NUMBER_OBJECT_CONVERSION = YES_AGGRESSIVE;
				CLANG_CXX_LANGUAGE_STANDARD = "gnu++14";
				CLANG_CXX_LIBRARY = "libc++";
				CLANG_ENABLE_MODULES = YES;
				CLANG_ENABLE_OBJC_ARC = YES;
				CLANG_ENABLE_OBJC_WEAK = YES;
				CLANG_WARN_BLOCK_CAPTURE_AUTORELEASING = YES;
				CLANG_WARN_BOOL_CONVERSION = YES;
				CLANG_WARN_COMMA = YES;
				CLANG_WARN_CONSTANT_CONVERSION = YES;
				CLANG_WARN_DEPRECATED_OBJC_IMPLEMENTATIONS = YES;
				CLANG_WARN_DIRECT_OBJC_ISA_USAGE = YES_ERROR;
				CLANG_WARN_DOCUMENTATION_COMMENTS = YES;
				CLANG_WARN_EMPTY_BODY = YES;
				CLANG_WARN_ENUM_CONVERSION = YES;
				CLANG_WARN_INFINITE_RECURSION = YES;
				CLANG_WARN_INT_CONVERSION = YES;
				CLANG_WARN_NON_LITERAL_NULL_CONVERSION = YES;
				CLANG_WARN_OBJC_IMPLICIT_RETAIN_SELF = YES;
				CLANG_WARN_OBJC_LITERAL_CONVERSION = YES;
				CLANG_WARN_OBJC_ROOT_CLASS = YES_ERROR;
				CLANG_WARN_RANGE_LOOP_ANALYSIS = YES;
				CLANG_WARN_STRICT_PROTOTYPES = YES;
				CLANG_WARN_SUSPICIOUS_MOVE = YES;
				CLANG_WARN_UNGUARDED_AVAILABILITY = YES_AGGRESSIVE;
				CLANG_WARN_UNREACHABLE_CODE = YES;
				CLANG_WARN__DUPLICATE_METHOD_MATCH = YES;
				CODE_SIGN_IDENTITY = "iPhone Developer";
				COPY_PHASE_STRIP = NO;
				DEBUG_INFORMATION_FORMAT = "dwarf-with-dsym";
				ENABLE_NS_ASSERTIONS = NO;
				ENABLE_STRICT_OBJC_MSGSEND = YES;
				GCC_C_LANGUAGE_STANDARD = gnu11;
				GCC_NO_COMMON_BLOCKS = YES;
				GCC_WARN_64_TO_32_BIT_CONVERSION = YES;
				GCC_WARN_ABOUT_RETURN_TYPE = YES_ERROR;
				GCC_WARN_UNDECLARED_SELECTOR = YES;
				GCC_WARN_UNINITIALIZED_AUTOS = YES_AGGRESSIVE;
				GCC_WARN_UNUSED_FUNCTION = YES;
				GCC_WARN_UNUSED_VARIABLE = YES;
				IPHONEOS_DEPLOYMENT_TARGET = 12.1;
				MTL_ENABLE_DEBUG_INFO = NO;
				MTL_FAST_MATH = YES;
				SDKROOT = iphoneos;
				SWIFT_COMPILATION_MODE = wholemodule;
				SWIFT_OPTIMIZATION_LEVEL = "-O";
				VALIDATE_PRODUCT = YES;
			};
			name = Release;
		};
		8F5233FE223949D70020292F /* Debug */ = {
			isa = XCBuildConfiguration;
			baseConfigurationReference = 4CC4F870BB47D08A7D594D3F /* Pods-Hessen-Tim-ContainerViewControllerPattern.debug.xcconfig */;
			buildSettings = {
				ASSETCATALOG_COMPILER_APPICON_NAME = AppIcon;
				CODE_SIGN_STYLE = Automatic;
				DEVELOPMENT_TEAM = 98C45TS5UN;
				INFOPLIST_FILE = "Hessen-Tim-ContainerViewControllerPattern/Info.plist";
				IPHONEOS_DEPLOYMENT_TARGET = 12.1;
				LD_RUNPATH_SEARCH_PATHS = (
					"$(inherited)",
					"@executable_path/Frameworks",
				);
				PRODUCT_BUNDLE_IDENTIFIER = care.amp.intensiv;
				PRODUCT_NAME = "$(TARGET_NAME)";
				SWIFT_VERSION = 4.2;
				TARGETED_DEVICE_FAMILY = "1,2";
			};
			name = Debug;
		};
		8F5233FF223949D70020292F /* Release */ = {
			isa = XCBuildConfiguration;
			baseConfigurationReference = 2FDE712AD0FCD45E738A7792 /* Pods-Hessen-Tim-ContainerViewControllerPattern.release.xcconfig */;
			buildSettings = {
				ASSETCATALOG_COMPILER_APPICON_NAME = AppIcon;
				CODE_SIGN_STYLE = Automatic;
				DEVELOPMENT_TEAM = 98C45TS5UN;
				INFOPLIST_FILE = "Hessen-Tim-ContainerViewControllerPattern/Info.plist";
				IPHONEOS_DEPLOYMENT_TARGET = 12.1;
				LD_RUNPATH_SEARCH_PATHS = (
					"$(inherited)",
					"@executable_path/Frameworks",
				);
				PRODUCT_BUNDLE_IDENTIFIER = care.amp.intensiv;
				PRODUCT_NAME = "$(TARGET_NAME)";
				SWIFT_VERSION = 4.2;
				TARGETED_DEVICE_FAMILY = "1,2";
			};
			name = Release;
		};
		8F523401223949D70020292F /* Debug */ = {
			isa = XCBuildConfiguration;
			baseConfigurationReference = E28A71EEAE853289A291CFDB /* Pods-Hessen-Tim-ContainerViewControllerPatternTests.debug.xcconfig */;
			buildSettings = {
				ALWAYS_EMBED_SWIFT_STANDARD_LIBRARIES = YES;
				BUNDLE_LOADER = "$(TEST_HOST)";
				CODE_SIGN_STYLE = Automatic;
				INFOPLIST_FILE = "Hessen-Tim-ContainerViewControllerPatternTests/Info.plist";
				LD_RUNPATH_SEARCH_PATHS = (
					"$(inherited)",
					"@executable_path/Frameworks",
					"@loader_path/Frameworks",
				);
				PRODUCT_BUNDLE_IDENTIFIER = "AwesomeT.Hessen-Tim-ContainerViewControllerPatternTests";
				PRODUCT_NAME = "$(TARGET_NAME)";
				SWIFT_VERSION = 4.2;
				TARGETED_DEVICE_FAMILY = "1,2";
				TEST_HOST = "$(BUILT_PRODUCTS_DIR)/Hessen-Tim-ContainerViewControllerPattern.app/Hessen-Tim-ContainerViewControllerPattern";
			};
			name = Debug;
		};
		8F523402223949D70020292F /* Release */ = {
			isa = XCBuildConfiguration;
			baseConfigurationReference = 84E70DA57A756E179C2BDED4 /* Pods-Hessen-Tim-ContainerViewControllerPatternTests.release.xcconfig */;
			buildSettings = {
				ALWAYS_EMBED_SWIFT_STANDARD_LIBRARIES = YES;
				BUNDLE_LOADER = "$(TEST_HOST)";
				CODE_SIGN_STYLE = Automatic;
				INFOPLIST_FILE = "Hessen-Tim-ContainerViewControllerPatternTests/Info.plist";
				LD_RUNPATH_SEARCH_PATHS = (
					"$(inherited)",
					"@executable_path/Frameworks",
					"@loader_path/Frameworks",
				);
				PRODUCT_BUNDLE_IDENTIFIER = "AwesomeT.Hessen-Tim-ContainerViewControllerPatternTests";
				PRODUCT_NAME = "$(TARGET_NAME)";
				SWIFT_VERSION = 4.2;
				TARGETED_DEVICE_FAMILY = "1,2";
				TEST_HOST = "$(BUILT_PRODUCTS_DIR)/Hessen-Tim-ContainerViewControllerPattern.app/Hessen-Tim-ContainerViewControllerPattern";
			};
			name = Release;
		};
		8F523404223949D70020292F /* Debug */ = {
			isa = XCBuildConfiguration;
			baseConfigurationReference = BEF3EB7AB996A3017B312937 /* Pods-Hessen-Tim-ContainerViewControllerPatternUITests.debug.xcconfig */;
			buildSettings = {
				ALWAYS_EMBED_SWIFT_STANDARD_LIBRARIES = YES;
				CODE_SIGN_STYLE = Automatic;
				INFOPLIST_FILE = "Hessen-Tim-ContainerViewControllerPatternUITests/Info.plist";
				LD_RUNPATH_SEARCH_PATHS = (
					"$(inherited)",
					"@executable_path/Frameworks",
					"@loader_path/Frameworks",
				);
				PRODUCT_BUNDLE_IDENTIFIER = "AwesomeT.Hessen-Tim-ContainerViewControllerPatternUITests";
				PRODUCT_NAME = "$(TARGET_NAME)";
				SWIFT_VERSION = 4.2;
				TARGETED_DEVICE_FAMILY = "1,2";
				TEST_TARGET_NAME = "Hessen-Tim-ContainerViewControllerPattern";
			};
			name = Debug;
		};
		8F523405223949D70020292F /* Release */ = {
			isa = XCBuildConfiguration;
			baseConfigurationReference = 3EC07A8FA62B2B7662728F41 /* Pods-Hessen-Tim-ContainerViewControllerPatternUITests.release.xcconfig */;
			buildSettings = {
				ALWAYS_EMBED_SWIFT_STANDARD_LIBRARIES = YES;
				CODE_SIGN_STYLE = Automatic;
				INFOPLIST_FILE = "Hessen-Tim-ContainerViewControllerPatternUITests/Info.plist";
				LD_RUNPATH_SEARCH_PATHS = (
					"$(inherited)",
					"@executable_path/Frameworks",
					"@loader_path/Frameworks",
				);
				PRODUCT_BUNDLE_IDENTIFIER = "AwesomeT.Hessen-Tim-ContainerViewControllerPatternUITests";
				PRODUCT_NAME = "$(TARGET_NAME)";
				SWIFT_VERSION = 4.2;
				TARGETED_DEVICE_FAMILY = "1,2";
				TEST_TARGET_NAME = "Hessen-Tim-ContainerViewControllerPattern";
			};
			name = Release;
		};
/* End XCBuildConfiguration section */

/* Begin XCConfigurationList section */
		8F5233D0223949D50020292F /* Build configuration list for PBXProject "Hessen-Tim-ContainerViewControllerPattern" */ = {
			isa = XCConfigurationList;
			buildConfigurations = (
				8F5233FB223949D70020292F /* Debug */,
				8F5233FC223949D70020292F /* Release */,
			);
			defaultConfigurationIsVisible = 0;
			defaultConfigurationName = Release;
		};
		8F5233FD223949D70020292F /* Build configuration list for PBXNativeTarget "Hessen-Tim-ContainerViewControllerPattern" */ = {
			isa = XCConfigurationList;
			buildConfigurations = (
				8F5233FE223949D70020292F /* Debug */,
				8F5233FF223949D70020292F /* Release */,
			);
			defaultConfigurationIsVisible = 0;
			defaultConfigurationName = Release;
		};
		8F523400223949D70020292F /* Build configuration list for PBXNativeTarget "Hessen-Tim-ContainerViewControllerPatternTests" */ = {
			isa = XCConfigurationList;
			buildConfigurations = (
				8F523401223949D70020292F /* Debug */,
				8F523402223949D70020292F /* Release */,
			);
			defaultConfigurationIsVisible = 0;
			defaultConfigurationName = Release;
		};
		8F523403223949D70020292F /* Build configuration list for PBXNativeTarget "Hessen-Tim-ContainerViewControllerPatternUITests" */ = {
			isa = XCConfigurationList;
			buildConfigurations = (
				8F523404223949D70020292F /* Debug */,
				8F523405223949D70020292F /* Release */,
			);
			defaultConfigurationIsVisible = 0;
			defaultConfigurationName = Release;
		};
/* End XCConfigurationList section */
	};
	rootObject = 8F5233CD223949D50020292F /* Project object */;
}
